
Microsoft Visual Studio Solution File, Format Version 12.00
# Visual Studio Version 17
VisualStudioVersion = 17.7.34202.233
MinimumVisualStudioVersion = 10.0.40219.1
Project("{9A19103F-16F7-4668-BE54-9A1E7A4F7556}") = "Cheshire_Waffles", "Cheshire_Waffles\Cheshire_Waffles.csproj", "{10EECFB9-5F5D-4B18-978F-EE7D93BBEF74}"
EndProject
Global
	GlobalSection(SolutionConfigurationPlatforms) = preSolution
		Debug|Any CPU = Debug|Any CPU
		Release|Any CPU = Release|Any CPU
	EndGlobalSection
	GlobalSection(ProjectConfigurationPlatforms) = postSolution
		{10EECFB9-5F5D-4B18-978F-EE7D93BBEF74}.Debug|Any CPU.ActiveCfg = Debug|Any CPU
		{10EECFB9-5F5D-4B18-978F-EE7D93BBEF74}.Debug|Any CPU.Build.0 = Debug|Any CPU
		{10EECFB9-5F5D-4B18-978F-EE7D93BBEF74}.Release|Any CPU.ActiveCfg = Release|Any CPU
		{10EECFB9-5F5D-4B18-978F-EE7D93BBEF74}.Release|Any CPU.Build.0 = Release|Any CPU
	EndGlobalSection
	GlobalSection(SolutionProperties) = preSolution
		HideSolutionNode = FALSE
	EndGlobalSection
	GlobalSection(ExtensibilityGlobals) = postSolution
		SolutionGuid = {2FB8EB26-A44F-4914-BCB9-BAB13B961695}
	EndGlobalSection
EndGlobal
